// !$*UTF8*$!
{
	archiveVersion = 1;
	classes = {
	};
	objectVersion = 46;
	objects = {

/* Begin PBXBuildFile section */
		C40A7E091B54ED4500441C4B /* main.m in Sources */ = {isa = PBXBuildFile; fileRef = C40A7E081B54ED4500441C4B /* main.m */; };
		C40A7E0C1B54ED4500441C4B /* AppDelegate.m in Sources */ = {isa = PBXBuildFile; fileRef = C40A7E0B1B54ED4500441C4B /* AppDelegate.m */; };
		C40A7E0F1B54ED4500441C4B /* ViewController.m in Sources */ = {isa = PBXBuildFile; fileRef = C40A7E0E1B54ED4500441C4B /* ViewController.m */; };
		C40A7E121B54ED4500441C4B /* Main.storyboard in Resources */ = {isa = PBXBuildFile; fileRef = C40A7E101B54ED4500441C4B /* Main.storyboard */; };
		C40A7E141B54ED4500441C4B /* Images.xcassets in Resources */ = {isa = PBXBuildFile; fileRef = C40A7E131B54ED4500441C4B /* Images.xcassets */; };
		C40A7E171B54ED4500441C4B /* LaunchScreen.xib in Resources */ = {isa = PBXBuildFile; fileRef = C40A7E151B54ED4500441C4B /* LaunchScreen.xib */; };
		C40A7E231B54ED4500441C4B /* LSUmengShareTests.m in Sources */ = {isa = PBXBuildFile; fileRef = C40A7E221B54ED4500441C4B /* LSUmengShareTests.m */; };
/* End PBXBuildFile section */

/* Begin PBXContainerItemProxy section */
		C40A7E1D1B54ED4500441C4B /* PBXContainerItemProxy */ = {
			isa = PBXContainerItemProxy;
			containerPortal = C40A7DFB1B54ED4500441C4B /* Project object */;
			proxyType = 1;
			remoteGlobalIDString = C40A7E021B54ED4500441C4B;
			remoteInfo = LSUmengShare;
		};
/* End PBXContainerItemProxy section */

/* Begin PBXFileReference section */
		C40A7E031B54ED4500441C4B /* LSUmengShare.app */ = {isa = PBXFileReference; explicitFileType = wrapper.application; includeInIndex = 0; path = LSUmengShare.app; sourceTree = BUILT_PRODUCTS_DIR; };
		C40A7E071B54ED4500441C4B /* Info.plist */ = {isa = PBXFileReference; lastKnownFileType = text.plist.xml; path = Info.plist; sourceTree = "<group>"; };
		C40A7E081B54ED4500441C4B /* main.m */ = {isa = PBXFileReference; lastKnownFileType = sourcecode.c.objc; path = main.m; sourceTree = "<group>"; };
		C40A7E0A1B54ED4500441C4B /* AppDelegate.h */ = {isa = PBXFileReference; lastKnownFileType = sourcecode.c.h; path = AppDelegate.h; sourceTree = "<group>"; };
		C40A7E0B1B54ED4500441C4B /* AppDelegate.m */ = {isa = PBXFileReference; lastKnownFileType = sourcecode.c.objc; path = AppDelegate.m; sourceTree = "<group>"; };
		C40A7E0D1B54ED4500441C4B /* ViewController.h */ = {isa = PBXFileReference; lastKnownFileType = sourcecode.c.h; path = ViewController.h; sourceTree = "<group>"; };
		C40A7E0E1B54ED4500441C4B /* ViewController.m */ = {isa = PBXFileReference; lastKnownFileType = sourcecode.c.objc; path = ViewController.m; sourceTree = "<group>"; };
		C40A7E111B54ED4500441C4B /* Base */ = {isa = PBXFileReference; lastKnownFileType = file.storyboard; name = Base; path = Base.lproj/Main.storyboard; sourceTree = "<group>"; };
		C40A7E131B54ED4500441C4B /* Images.xcassets */ = {isa = PBXFileReference; lastKnownFileType = folder.assetcatalog; path = Images.xcassets; sourceTree = "<group>"; };
		C40A7E161B54ED4500441C4B /* Base */ = {isa = PBXFileReference; lastKnownFileType = file.xib; name = Base; path = Base.lproj/LaunchScreen.xib; sourceTree = "<group>"; };
		C40A7E1C1B54ED4500441C4B /* LSUmengShareTests.xctest */ = {isa = PBXFileReference; explicitFileType = wrapper.cfbundle; includeInIndex = 0; path = LSUmengShareTests.xctest; sourceTree = BUILT_PRODUCTS_DIR; };
		C40A7E211B54ED4500441C4B /* Info.plist */ = {isa = PBXFileReference; lastKnownFileType = text.plist.xml; path = Info.plist; sourceTree = "<group>"; };
		C40A7E221B54ED4500441C4B /* LSUmengShareTests.m */ = {isa = PBXFileReference; lastKnownFileType = sourcecode.c.objc; path = LSUmengShareTests.m; sourceTree = "<group>"; };
/* End PBXFileReference section */

/* Begin PBXFrameworksBuildPhase section */
		C40A7E001B54ED4500441C4B /* Frameworks */ = {
			isa = PBXFrameworksBuildPhase;
			buildActionMask = 2147483647;
			files = (
			);
			runOnlyForDeploymentPostprocessing = 0;
		};
		C40A7E191B54ED4500441C4B /* Frameworks */ = {
			isa = PBXFrameworksBuildPhase;
			buildActionMask = 2147483647;
			files = (
			);
			runOnlyForDeploymentPostprocessing = 0;
		};
/* End PBXFrameworksBuildPhase section */

/* Begin PBXGroup section */
		C40A7DFA1B54ED4500441C4B = {
			isa = PBXGroup;
			children = (
				C40A7E051B54ED4500441C4B /* LSUmengShare */,
				C40A7E1F1B54ED4500441C4B /* LSUmengShareTests */,
				C40A7E041B54ED4500441C4B /* Products */,
			);
			sourceTree = "<group>";
		};
		C40A7E041B54ED4500441C4B /* Products */ = {
			isa = PBXGroup;
			children = (
				C40A7E031B54ED4500441C4B /* LSUmengShare.app */,
				C40A7E1C1B54ED4500441C4B /* LSUmengShareTests.xctest */,
			);
			name = Products;
			sourceTree = "<group>";
		};
		C40A7E051B54ED4500441C4B /* LSUmengShare */ = {
			isa = PBXGroup;
			children = (
				C40A7E0A1B54ED4500441C4B /* AppDelegate.h */,
				C40A7E0B1B54ED4500441C4B /* AppDelegate.m */,
				C40A7E0D1B54ED4500441C4B /* ViewController.h */,
				C40A7E0E1B54ED4500441C4B /* ViewController.m */,
				C40A7E101B54ED4500441C4B /* Main.storyboard */,
				C40A7E131B54ED4500441C4B /* Images.xcassets */,
				C40A7E151B54ED4500441C4B /* LaunchScreen.xib */,
				C40A7E061B54ED4500441C4B /* Supporting Files */,
			);
			path = LSUmengShare;
			sourceTree = "<group>";
		};
		C40A7E061B54ED4500441C4B /* Supporting Files */ = {
			isa = PBXGroup;
			children = (
				C40A7E071B54ED4500441C4B /* Info.plist */,
				C40A7E081B54ED4500441C4B /* main.m */,
			);
			name = "Supporting Files";
			sourceTree = "<group>";
		};
		C40A7E1F1B54ED4500441C4B /* LSUmengShareTests */ = {
			isa = PBXGroup;
			children = (
				C40A7E221B54ED4500441C4B /* LSUmengShareTests.m */,
				C40A7E201B54ED4500441C4B /* Supporting Files */,
			);
			path = LSUmengShareTests;
			sourceTree = "<group>";
		};
		C40A7E201B54ED4500441C4B /* Supporting Files */ = {
			isa = PBXGroup;
			children = (
				C40A7E211B54ED4500441C4B /* Info.plist */,
			);
			name = "Supporting Files";
			sourceTree = "<group>";
		};
/* End PBXGroup section */

/* Begin PBXNativeTarget section */
		C40A7E021B54ED4500441C4B /* LSUmengShare */ = {
			isa = PBXNativeTarget;
			buildConfigurationList = C40A7E261B54ED4500441C4B /* Build configuration list for PBXNativeTarget "LSUmengShare" */;
			buildPhases = (
				C40A7DFF1B54ED4500441C4B /* Sources */,
				C40A7E001B54ED4500441C4B /* Frameworks */,
				C40A7E011B54ED4500441C4B /* Resources */,
			);
			buildRules = (
			);
			dependencies = (
			);
			name = LSUmengShare;
			productName = LSUmengShare;
			productReference = C40A7E031B54ED4500441C4B /* LSUmengShare.app */;
			productType = "com.apple.product-type.application";
		};
		C40A7E1B1B54ED4500441C4B /* LSUmengShareTests */ = {
			isa = PBXNativeTarget;
			buildConfigurationList = C40A7E291B54ED4500441C4B /* Build configuration list for PBXNativeTarget "LSUmengShareTests" */;
			buildPhases = (
				C40A7E181B54ED4500441C4B /* Sources */,
				C40A7E191B54ED4500441C4B /* Frameworks */,
				C40A7E1A1B54ED4500441C4B /* Resources */,
			);
			buildRules = (
			);
			dependencies = (
				C40A7E1E1B54ED4500441C4B /* PBXTargetDependency */,
			);
			name = LSUmengShareTests;
			productName = LSUmengShareTests;
			productReference = C40A7E1C1B54ED4500441C4B /* LSUmengShareTests.xctest */;
			productType = "com.apple.product-type.bundle.unit-test";
		};
/* End PBXNativeTarget section */

/* Begin PBXProject section */
		C40A7DFB1B54ED4500441C4B /* Project object */ = {
			isa = PBXProject;
			attributes = {
				LastUpgradeCheck = 0630;
				ORGANIZATIONNAME = "Shawn Li";
				TargetAttributes = {
					C40A7E021B54ED4500441C4B = {
						CreatedOnToolsVersion = 6.3.1;
					};
					C40A7E1B1B54ED4500441C4B = {
						CreatedOnToolsVersion = 6.3.1;
						TestTargetID = C40A7E021B54ED4500441C4B;
					};
				};
			};
			buildConfigurationList = C40A7DFE1B54ED4500441C4B /* Build configuration list for PBXProject "LSUmengShare" */;
			compatibilityVersion = "Xcode 3.2";
			developmentRegion = English;
			hasScannedForEncodings = 0;
			knownRegions = (
				en,
				Base,
			);
			mainGroup = C40A7DFA1B54ED4500441C4B;
			productRefGroup = C40A7E041B54ED4500441C4B /* Products */;
			projectDirPath = "";
			projectRoot = "";
			targets = (
				C40A7E021B54ED4500441C4B /* LSUmengShare */,
				C40A7E1B1B54ED4500441C4B /* LSUmengShareTests */,
			);
		};
/* End PBXProject section */

/* Begin PBXResourcesBuildPhase section */
		C40A7E011B54ED4500441C4B /* Resources */ = {
			isa = PBXResourcesBuildPhase;
			buildActionMask = 2147483647;
			files = (
				C40A7E121B54ED4500441C4B /* Main.storyboard in Resources */,
				C40A7E171B54ED4500441C4B /* LaunchScreen.xib in Resources */,
				C40A7E141B54ED4500441C4B /* Images.xcassets in Resources */,
			);
			runOnlyForDeploymentPostprocessing = 0;
		};
		C40A7E1A1B54ED4500441C4B /* Resources */ = {
			isa = PBXResourcesBuildPhase;
			buildActionMask = 2147483647;
			files = (
			);
			runOnlyForDeploymentPostprocessing = 0;
		};
/* End PBXResourcesBuildPhase section */

/* Begin PBXSourcesBuildPhase section */
		C40A7DFF1B54ED4500441C4B /* Sources */ = {
			isa = PBXSourcesBuildPhase;
			buildActionMask = 2147483647;
			files = (
				C40A7E0F1B54ED4500441C4B /* ViewController.m in Sources */,
				C40A7E0C1B54ED4500441C4B /* AppDelegate.m in Sources */,
				C40A7E091B54ED4500441C4B /* main.m in Sources */,
			);
			runOnlyForDeploymentPostprocessing = 0;
		};
		C40A7E181B54ED4500441C4B /* Sources */ = {
			isa = PBXSourcesBuildPhase;
			buildActionMask = 2147483647;
			files = (
				C40A7E231B54ED4500441C4B /* LSUmengShareTests.m in Sources */,
			);
			runOnlyForDeploymentPostprocessing = 0;
		};
/* End PBXSourcesBuildPhase section */

/* Begin PBXTargetDependency section */
		C40A7E1E1B54ED4500441C4B /* PBXTargetDependency */ = {
			isa = PBXTargetDependency;
			target = C40A7E021B54ED4500441C4B /* LSUmengShare */;
			targetProxy = C40A7E1D1B54ED4500441C4B /* PBXContainerItemProxy */;
		};
/* End PBXTargetDependency section */

/* Begin PBXVariantGroup section */
		C40A7E101B54ED4500441C4B /* Main.storyboard */ = {
			isa = PBXVariantGroup;
			children = (
				C40A7E111B54ED4500441C4B /* Base */,
			);
			name = Main.storyboard;
			sourceTree = "<group>";
		};
		C40A7E151B54ED4500441C4B /* LaunchScreen.xib */ = {
			isa = PBXVariantGroup;
			children = (
				C40A7E161B54ED4500441C4B /* Base */,
			);
			name = LaunchScreen.xib;
			sourceTree = "<group>";
		};
/* End PBXVariantGroup section */

/* Begin XCBuildConfiguration section */
		C40A7E241B54ED4500441C4B /* Debug */ = {
			isa = XCBuildConfiguration;
			buildSettings = {
				ALWAYS_SEARCH_USER_PATHS = NO;
				CLANG_CXX_LANGUAGE_STANDARD = "gnu++0x";
				CLANG_CXX_LIBRARY = "libc++";
				CLANG_ENABLE_MODULES = YES;
				CLANG_ENABLE_OBJC_ARC = YES;
				CLANG_WARN_BOOL_CONVERSION = YES;
				CLANG_WARN_CONSTANT_CONVERSION = YES;
				CLANG_WARN_DIRECT_OBJC_ISA_USAGE = YES_ERROR;
				CLANG_WARN_EMPTY_BODY = YES;
				CLANG_WARN_ENUM_CONVERSION = YES;
				CLANG_WARN_INT_CONVERSION = YES;
				CLANG_WARN_OBJC_ROOT_CLASS = YES_ERROR;
				CLANG_WARN_UNREACHABLE_CODE = YES;
				CLANG_WARN__DUPLICATE_METHOD_MATCH = YES;
				"CODE_SIGN_IDENTITY[sdk=iphoneos*]" = "iPhone Developer";
				COPY_PHASE_STRIP = NO;
				DEBUG_INFORMATION_FORMAT = "dwarf-with-dsym";
				ENABLE_STRICT_OBJC_MSGSEND = YES;
				GCC_C_LANGUAGE_STANDARD = gnu99;
				GCC_DYNAMIC_NO_PIC = NO;
				GCC_NO_COMMON_BLOCKS = YES;
				GCC_OPTIMIZATION_LEVEL = 0;
				GCC_PREPROCESSOR_DEFINITIONS = (
					"DEBUG=1",
					"$(inherited)",
				);
				GCC_SYMBOLS_PRIVATE_EXTERN = NO;
				GCC_WARN_64_TO_32_BIT_CONVERSION = YES;
				GCC_WARN_ABOUT_RETURN_TYPE = YES_ERROR;
				GCC_WARN_UNDECLARED_SELECTOR = YES;
				GCC_WARN_UNINITIALIZED_AUTOS = YES_AGGRESSIVE;
				GCC_WARN_UNUSED_FUNCTION = YES;
				GCC_WARN_UNUSED_VARIABLE = YES;
				IPHONEOS_DEPLOYMENT_TARGET = 8.3;
				MTL_ENABLE_DEBUG_INFO = YES;
				ONLY_ACTIVE_ARCH = YES;
				SDKROOT = iphoneos;
			};
			name = Debug;
		};
		C40A7E251B54ED4500441C4B /* Release */ = {
			isa = XCBuildConfiguration;
			buildSettings = {
				ALWAYS_SEARCH_USER_PATHS = NO;
				CLANG_CXX_LANGUAGE_STANDARD = "gnu++0x";
				CLANG_CXX_LIBRARY = "libc++";
				CLANG_ENABLE_MODULES = YES;
				CLANG_ENABLE_OBJC_ARC = YES;
				CLANG_WARN_BOOL_CONVERSION = YES;
				CLANG_WARN_CONSTANT_CONVERSION = YES;
				CLANG_WARN_DIRECT_OBJC_ISA_USAGE = YES_ERROR;
				CLANG_WARN_EMPTY_BODY = YES;
				CLANG_WARN_ENUM_CONVERSION = YES;
				CLANG_WARN_INT_CONVERSION = YES;
				CLANG_WARN_OBJC_ROOT_CLASS = YES_ERROR;
				CLANG_WARN_UNREACHABLE_CODE = YES;
				CLANG_WARN__DUPLICATE_METHOD_MATCH = YES;
				"CODE_SIGN_IDENTITY[sdk=iphoneos*]" = "iPhone Developer";
				COPY_PHASE_STRIP = NO;
				DEBUG_INFORMATION_FORMAT = "dwarf-with-dsym";
				ENABLE_NS_ASSERTIONS = NO;
				ENABLE_STRICT_OBJC_MSGSEND = YES;
				GCC_C_LANGUAGE_STANDARD = gnu99;
				GCC_NO_COMMON_BLOCKS = YES;
				GCC_WARN_64_TO_32_BIT_CONVERSION = YES;
				GCC_WARN_ABOUT_RETURN_TYPE = YES_ERROR;
				GCC_WARN_UNDECLARED_SELECTOR = YES;
				GCC_WARN_UNINITIALIZED_AUTOS = YES_AGGRESSIVE;
				GCC_WARN_UNUSED_FUNCTION = YES;
				GCC_WARN_UNUSED_VARIABLE = YES;
				IPHONEOS_DEPLOYMENT_TARGET = 8.3;
				MTL_ENABLE_DEBUG_INFO = NO;
				SDKROOT = iphoneos;
				VALIDATE_PRODUCT = YES;
			};
			name = Release;
		};
		C40A7E271B54ED4500441C4B /* Debug */ = {
			isa = XCBuildConfiguration;
			buildSettings = {
				ASSETCATALOG_COMPILER_APPICON_NAME = AppIcon;
				INFOPLIST_FILE = LSUmengShare/Info.plist;
				IPHONEOS_DEPLOYMENT_TARGET = 7.1;
				LD_RUNPATH_SEARCH_PATHS = "$(inherited) @executable_path/Frameworks";
				PRODUCT_NAME = "$(TARGET_NAME)";
			};
			name = Debug;
		};
		C40A7E281B54ED4500441C4B /* Release */ = {
			isa = XCBuildConfiguration;
			buildSettings = {
				ASSETCATALOG_COMPILER_APPICON_NAME = AppIcon;
				INFOPLIST_FILE = LSUmengShare/Info.plist;
				IPHONEOS_DEPLOYMENT_TARGET = 7.1;
				LD_RUNPATH_SEARCH_PATHS = "$(inherited) @executable_path/Frameworks";
				PRODUCT_NAME = "$(TARGET_NAME)";
			};
			name = Release;
		};
		C40A7E2A1B54ED4500441C4B /* Debug */ = {
			isa = XCBuildConfiguration;
			buildSettings = {
				BUNDLE_LOADER = "$(TEST_HOST)";
				FRAMEWORK_SEARCH_PATHS = (
					"$(SDKROOT)/Developer/Library/Frameworks",
					"$(inherited)",
				);
				GCC_PREPROCESSOR_DEFINITIONS = (
					"DEBUG=1",
					"$(inherited)",
				);
				INFOPLIST_FILE = LSUmengShareTests/Info.plist;
				LD_RUNPATH_SEARCH_PATHS = "$(inherited) @executable_path/Frameworks @loader_path/Frameworks";
				PRODUCT_NAME = "$(TARGET_NAME)";
				TEST_HOST = "$(BUILT_PRODUCTS_DIR)/LSUmengShare.app/LSUmengShare";
			};
			name = Debug;
		};
		C40A7E2B1B54ED4500441C4B /* Release */ = {
			isa = XCBuildConfiguration;
			buildSettings = {
				BUNDLE_LOADER = "$(TEST_HOST)";
				FRAMEWORK_SEARCH_PATHS = (
					"$(SDKROOT)/Developer/Library/Frameworks",
					"$(inherited)",
				);
				INFOPLIST_FILE = LSUmengShareTests/Info.plist;
				LD_RUNPATH_SEARCH_PATHS = "$(inherited) @executable_path/Frameworks @loader_path/Frameworks";
				PRODUCT_NAME = "$(TARGET_NAME)";
				TEST_HOST = "$(BUILT_PRODUCTS_DIR)/LSUmengShare.app/LSUmengShare";
			};
			name = Release;
		};
/* End XCBuildConfiguration section */

/* Begin XCConfigurationList section */
		C40A7DFE1B54ED4500441C4B /* Build configuration list for PBXProject "LSUmengShare" */ = {
			isa = XCConfigurationList;
			buildConfigurations = (
				C40A7E241B54ED4500441C4B /* Debug */,
				C40A7E251B54ED4500441C4B /* Release */,
			);
			defaultConfigurationIsVisible = 0;
			defaultConfigurationName = Release;
		};
		C40A7E261B54ED4500441C4B /* Build configuration list for PBXNativeTarget "LSUmengShare" */ = {
			isa = XCConfigurationList;
			buildConfigurations = (
				C40A7E271B54ED4500441C4B /* Debug */,
				C40A7E281B54ED4500441C4B /* Release */,
			);
			defaultConfigurationIsVisible = 0;
		};
		C40A7E291B54ED4500441C4B /* Build configuration list for PBXNativeTarget "LSUmengShareTests" */ = {
			isa = XCConfigurationList;
			buildConfigurations = (
				C40A7E2A1B54ED4500441C4B /* Debug */,
				C40A7E2B1B54ED4500441C4B /* Release */,
			);
			defaultConfigurationIsVisible = 0;
		};
/* End XCConfigurationList section */
	};
	rootObject = C40A7DFB1B54ED4500441C4B /* Project object */;
}
